{
  "name": "assets",
  "lockfileVersion": 3,
  "requires": true,
  "packages": {
    "": {
      "dependencies": {
        "phoenix_live_view": "^0.19.4"
      }
    },
    "node_modules/phoenix_live_view": {
      "version": "0.19.4",
      "resolved": "https://registry.npmjs.org/phoenix_live_view/-/phoenix_live_view-0.19.4.tgz",
      "integrity": "sha512-9OF1qilul7ZoRyKt294jf0JxI7/8igOca4QNAQuXBrVqeV1QdwP04bWffhjpeEz1LlcSEy1Rujn0vPbOZgScoQ=="
    }
  }
}
